// !$*UTF8*$!
{
	archiveVersion = 1;
	classes = {
	};
	objectVersion = 51;
	objects = {

/* Begin PBXBuildFile section */
		033EFA6AA6E98847B0179431 /* Pods_CountryPicker.framework in Frameworks */ = {isa = PBXBuildFile; fileRef = D498817D657CE77BF6B46A3D /* Pods_CountryPicker.framework */; };
		0B92D2314DC37C400223F8AB /* Pods_CountryPicker_CountryPickerUITests.framework in Frameworks */ = {isa = PBXBuildFile; fileRef = 3D641E2B85A4A07375603446 /* Pods_CountryPicker_CountryPickerUITests.framework */; };
		14291F444BA54D402A94448B /* Pods_CountryPickerTests.framework in Frameworks */ = {isa = PBXBuildFile; fileRef = 3D1AA340191A4777807A17FC /* Pods_CountryPickerTests.framework */; };
		83220AFA25535FB800CE5CB6 /* TransparentNavigationController.swift in Sources */ = {isa = PBXBuildFile; fileRef = 83220AF925535FB800CE5CB6 /* TransparentNavigationController.swift */; };
		83220AFF2553632E00CE5CB6 /* StatusView.swift in Sources */ = {isa = PBXBuildFile; fileRef = 83220AFE2553632E00CE5CB6 /* StatusView.swift */; };
		83220B0A255364A100CE5CB6 /* Localizable.swift in Sources */ = {isa = PBXBuildFile; fileRef = 83220B09255364A100CE5CB6 /* Localizable.swift */; };
		837C3A5625533DC500A268E4 /* ActionBarView.swift in Sources */ = {isa = PBXBuildFile; fileRef = 837C3A5525533DC500A268E4 /* ActionBarView.swift */; };
		837C3A5B2553413100A268E4 /* Color.swift in Sources */ = {isa = PBXBuildFile; fileRef = 837C3A5A2553413100A268E4 /* Color.swift */; };
		8397190E255444D2002FC36C /* PickerPresenter.swift in Sources */ = {isa = PBXBuildFile; fileRef = 83971908255444D2002FC36C /* PickerPresenter.swift */; };
		8397190F255444D2002FC36C /* PickerWorker.swift in Sources */ = {isa = PBXBuildFile; fileRef = 83971909255444D2002FC36C /* PickerWorker.swift */; };
		83971910255444D2002FC36C /* PickerRouter.swift in Sources */ = {isa = PBXBuildFile; fileRef = 8397190A255444D2002FC36C /* PickerRouter.swift */; };
		83971911255444D2002FC36C /* PickerModels.swift in Sources */ = {isa = PBXBuildFile; fileRef = 8397190B255444D2002FC36C /* PickerModels.swift */; };
		83971912255444D2002FC36C /* PickerViewController.swift in Sources */ = {isa = PBXBuildFile; fileRef = 8397190C255444D2002FC36C /* PickerViewController.swift */; };
		83971913255444D2002FC36C /* PickerInteractor.swift in Sources */ = {isa = PBXBuildFile; fileRef = 8397190D255444D2002FC36C /* PickerInteractor.swift */; };
		839719332554491B002FC36C /* RoundedButton.swift in Sources */ = {isa = PBXBuildFile; fileRef = 839719322554491B002FC36C /* RoundedButton.swift */; };
		83BB8B602551E3890006C4F1 /* AppDelegate.swift in Sources */ = {isa = PBXBuildFile; fileRef = 83BB8B5F2551E3890006C4F1 /* AppDelegate.swift */; };
		83BB8B672551E3890006C4F1 /* Main.storyboard in Resources */ = {isa = PBXBuildFile; fileRef = 83BB8B652551E3890006C4F1 /* Main.storyboard */; };
		83BB8B692551E38A0006C4F1 /* Assets.xcassets in Resources */ = {isa = PBXBuildFile; fileRef = 83BB8B682551E38A0006C4F1 /* Assets.xcassets */; };
		83BB8B6C2551E38A0006C4F1 /* LaunchScreen.storyboard in Resources */ = {isa = PBXBuildFile; fileRef = 83BB8B6A2551E38A0006C4F1 /* LaunchScreen.storyboard */; };
		83BB8B772551E38A0006C4F1 /* CountryPickerTests.swift in Sources */ = {isa = PBXBuildFile; fileRef = 83BB8B762551E38A0006C4F1 /* CountryPickerTests.swift */; };
		83BB8B822551E38A0006C4F1 /* CountryPickerUITests.swift in Sources */ = {isa = PBXBuildFile; fileRef = 83BB8B812551E38A0006C4F1 /* CountryPickerUITests.swift */; };
		83BB8BB72551E7770006C4F1 /* StatusPresenter.swift in Sources */ = {isa = PBXBuildFile; fileRef = 83BB8BB12551E7770006C4F1 /* StatusPresenter.swift */; };
		83BB8BB82551E7770006C4F1 /* StatusWorker.swift in Sources */ = {isa = PBXBuildFile; fileRef = 83BB8BB22551E7770006C4F1 /* StatusWorker.swift */; };
		83BB8BB92551E7770006C4F1 /* StatusRouter.swift in Sources */ = {isa = PBXBuildFile; fileRef = 83BB8BB32551E7770006C4F1 /* StatusRouter.swift */; };
		83BB8BBA2551E7770006C4F1 /* StatusModels.swift in Sources */ = {isa = PBXBuildFile; fileRef = 83BB8BB42551E7770006C4F1 /* StatusModels.swift */; };
		83BB8BBB2551E7770006C4F1 /* StatusViewController.swift in Sources */ = {isa = PBXBuildFile; fileRef = 83BB8BB52551E7770006C4F1 /* StatusViewController.swift */; };
		83BB8BBC2551E7770006C4F1 /* StatusInteractor.swift in Sources */ = {isa = PBXBuildFile; fileRef = 83BB8BB62551E7770006C4F1 /* StatusInteractor.swift */; };
		83BB8BC72551E83D0006C4F1 /* Localizable.strings in Resources */ = {isa = PBXBuildFile; fileRef = 83BB8BC62551E83D0006C4F1 /* Localizable.strings */; };
/* End PBXBuildFile section */

/* Begin PBXContainerItemProxy section */
		83BB8B732551E38A0006C4F1 /* PBXContainerItemProxy */ = {
			isa = PBXContainerItemProxy;
			containerPortal = 83BB8B542551E3890006C4F1 /* Project object */;
			proxyType = 1;
			remoteGlobalIDString = 83BB8B5B2551E3890006C4F1;
			remoteInfo = CountryPicker;
		};
		83BB8B7E2551E38A0006C4F1 /* PBXContainerItemProxy */ = {
			isa = PBXContainerItemProxy;
			containerPortal = 83BB8B542551E3890006C4F1 /* Project object */;
			proxyType = 1;
			remoteGlobalIDString = 83BB8B5B2551E3890006C4F1;
			remoteInfo = CountryPicker;
		};
/* End PBXContainerItemProxy section */

/* Begin PBXFileReference section */
		0F782922CE6E473999048142 /* Pods-CountryPicker-CountryPickerUITests.debug.xcconfig */ = {isa = PBXFileReference; includeInIndex = 1; lastKnownFileType = text.xcconfig; name = "Pods-CountryPicker-CountryPickerUITests.debug.xcconfig"; path = "Target Support Files/Pods-CountryPicker-CountryPickerUITests/Pods-CountryPicker-CountryPickerUITests.debug.xcconfig"; sourceTree = "<group>"; };
		2FCAFC025090A0E2A253F5E3 /* Pods-CountryPicker-CountryPickerUITests.release.xcconfig */ = {isa = PBXFileReference; includeInIndex = 1; lastKnownFileType = text.xcconfig; name = "Pods-CountryPicker-CountryPickerUITests.release.xcconfig"; path = "Target Support Files/Pods-CountryPicker-CountryPickerUITests/Pods-CountryPicker-CountryPickerUITests.release.xcconfig"; sourceTree = "<group>"; };
		3D1AA340191A4777807A17FC /* Pods_CountryPickerTests.framework */ = {isa = PBXFileReference; explicitFileType = wrapper.framework; includeInIndex = 0; path = Pods_CountryPickerTests.framework; sourceTree = BUILT_PRODUCTS_DIR; };
		3D641E2B85A4A07375603446 /* Pods_CountryPicker_CountryPickerUITests.framework */ = {isa = PBXFileReference; explicitFileType = wrapper.framework; includeInIndex = 0; path = Pods_CountryPicker_CountryPickerUITests.framework; sourceTree = BUILT_PRODUCTS_DIR; };
		7753DCBC2196BC006CEE1607 /* Pods-CountryPicker.release.xcconfig */ = {isa = PBXFileReference; includeInIndex = 1; lastKnownFileType = text.xcconfig; name = "Pods-CountryPicker.release.xcconfig"; path = "Target Support Files/Pods-CountryPicker/Pods-CountryPicker.release.xcconfig"; sourceTree = "<group>"; };
		77A52116A7632572887A5636 /* Pods-CountryPicker.debug.xcconfig */ = {isa = PBXFileReference; includeInIndex = 1; lastKnownFileType = text.xcconfig; name = "Pods-CountryPicker.debug.xcconfig"; path = "Target Support Files/Pods-CountryPicker/Pods-CountryPicker.debug.xcconfig"; sourceTree = "<group>"; };
		83220AF925535FB800CE5CB6 /* TransparentNavigationController.swift */ = {isa = PBXFileReference; lastKnownFileType = sourcecode.swift; path = TransparentNavigationController.swift; sourceTree = "<group>"; };
		83220AFE2553632E00CE5CB6 /* StatusView.swift */ = {isa = PBXFileReference; lastKnownFileType = sourcecode.swift; path = StatusView.swift; sourceTree = "<group>"; };
		83220B09255364A100CE5CB6 /* Localizable.swift */ = {isa = PBXFileReference; lastKnownFileType = sourcecode.swift; path = Localizable.swift; sourceTree = "<group>"; };
		837C3A5525533DC500A268E4 /* ActionBarView.swift */ = {isa = PBXFileReference; lastKnownFileType = sourcecode.swift; path = ActionBarView.swift; sourceTree = "<group>"; };
		837C3A5A2553413100A268E4 /* Color.swift */ = {isa = PBXFileReference; lastKnownFileType = sourcecode.swift; path = Color.swift; sourceTree = "<group>"; };
		83971908255444D2002FC36C /* PickerPresenter.swift */ = {isa = PBXFileReference; lastKnownFileType = sourcecode.swift; path = PickerPresenter.swift; sourceTree = "<group>"; };
		83971909255444D2002FC36C /* PickerWorker.swift */ = {isa = PBXFileReference; lastKnownFileType = sourcecode.swift; path = PickerWorker.swift; sourceTree = "<group>"; };
		8397190A255444D2002FC36C /* PickerRouter.swift */ = {isa = PBXFileReference; lastKnownFileType = sourcecode.swift; path = PickerRouter.swift; sourceTree = "<group>"; };
		8397190B255444D2002FC36C /* PickerModels.swift */ = {isa = PBXFileReference; lastKnownFileType = sourcecode.swift; path = PickerModels.swift; sourceTree = "<group>"; };
		8397190C255444D2002FC36C /* PickerViewController.swift */ = {isa = PBXFileReference; lastKnownFileType = sourcecode.swift; path = PickerViewController.swift; sourceTree = "<group>"; };
		8397190D255444D2002FC36C /* PickerInteractor.swift */ = {isa = PBXFileReference; lastKnownFileType = sourcecode.swift; path = PickerInteractor.swift; sourceTree = "<group>"; };
		839719322554491B002FC36C /* RoundedButton.swift */ = {isa = PBXFileReference; lastKnownFileType = sourcecode.swift; path = RoundedButton.swift; sourceTree = "<group>"; };
		83BB8B5C2551E3890006C4F1 /* CountryPicker.app */ = {isa = PBXFileReference; explicitFileType = wrapper.application; includeInIndex = 0; path = CountryPicker.app; sourceTree = BUILT_PRODUCTS_DIR; };
		83BB8B5F2551E3890006C4F1 /* AppDelegate.swift */ = {isa = PBXFileReference; lastKnownFileType = sourcecode.swift; path = AppDelegate.swift; sourceTree = "<group>"; };
		83BB8B662551E3890006C4F1 /* Base */ = {isa = PBXFileReference; lastKnownFileType = file.storyboard; name = Base; path = Base.lproj/Main.storyboard; sourceTree = "<group>"; };
		83BB8B682551E38A0006C4F1 /* Assets.xcassets */ = {isa = PBXFileReference; lastKnownFileType = folder.assetcatalog; path = Assets.xcassets; sourceTree = "<group>"; };
		83BB8B6B2551E38A0006C4F1 /* Base */ = {isa = PBXFileReference; lastKnownFileType = file.storyboard; name = Base; path = Base.lproj/LaunchScreen.storyboard; sourceTree = "<group>"; };
		83BB8B6D2551E38A0006C4F1 /* Info.plist */ = {isa = PBXFileReference; lastKnownFileType = text.plist.xml; path = Info.plist; sourceTree = "<group>"; };
		83BB8B722551E38A0006C4F1 /* CountryPickerTests.xctest */ = {isa = PBXFileReference; explicitFileType = wrapper.cfbundle; includeInIndex = 0; path = CountryPickerTests.xctest; sourceTree = BUILT_PRODUCTS_DIR; };
		83BB8B762551E38A0006C4F1 /* CountryPickerTests.swift */ = {isa = PBXFileReference; lastKnownFileType = sourcecode.swift; path = CountryPickerTests.swift; sourceTree = "<group>"; };
		83BB8B782551E38A0006C4F1 /* Info.plist */ = {isa = PBXFileReference; lastKnownFileType = text.plist.xml; path = Info.plist; sourceTree = "<group>"; };
		83BB8B7D2551E38A0006C4F1 /* CountryPickerUITests.xctest */ = {isa = PBXFileReference; explicitFileType = wrapper.cfbundle; includeInIndex = 0; path = CountryPickerUITests.xctest; sourceTree = BUILT_PRODUCTS_DIR; };
		83BB8B812551E38A0006C4F1 /* CountryPickerUITests.swift */ = {isa = PBXFileReference; lastKnownFileType = sourcecode.swift; path = CountryPickerUITests.swift; sourceTree = "<group>"; };
		83BB8B832551E38A0006C4F1 /* Info.plist */ = {isa = PBXFileReference; lastKnownFileType = text.plist.xml; path = Info.plist; sourceTree = "<group>"; };
		83BB8BB12551E7770006C4F1 /* StatusPresenter.swift */ = {isa = PBXFileReference; lastKnownFileType = sourcecode.swift; path = StatusPresenter.swift; sourceTree = "<group>"; };
		83BB8BB22551E7770006C4F1 /* StatusWorker.swift */ = {isa = PBXFileReference; lastKnownFileType = sourcecode.swift; path = StatusWorker.swift; sourceTree = "<group>"; };
		83BB8BB32551E7770006C4F1 /* StatusRouter.swift */ = {isa = PBXFileReference; lastKnownFileType = sourcecode.swift; path = StatusRouter.swift; sourceTree = "<group>"; };
		83BB8BB42551E7770006C4F1 /* StatusModels.swift */ = {isa = PBXFileReference; lastKnownFileType = sourcecode.swift; path = StatusModels.swift; sourceTree = "<group>"; };
		83BB8BB52551E7770006C4F1 /* StatusViewController.swift */ = {isa = PBXFileReference; lastKnownFileType = sourcecode.swift; path = StatusViewController.swift; sourceTree = "<group>"; };
		83BB8BB62551E7770006C4F1 /* StatusInteractor.swift */ = {isa = PBXFileReference; lastKnownFileType = sourcecode.swift; path = StatusInteractor.swift; sourceTree = "<group>"; };
		83BB8BC62551E83D0006C4F1 /* Localizable.strings */ = {isa = PBXFileReference; lastKnownFileType = text.plist.strings; path = Localizable.strings; sourceTree = "<group>"; };
		9B88FA337EBA5D23DC0B3C56 /* Pods-CountryPickerTests.debug.xcconfig */ = {isa = PBXFileReference; includeInIndex = 1; lastKnownFileType = text.xcconfig; name = "Pods-CountryPickerTests.debug.xcconfig"; path = "Target Support Files/Pods-CountryPickerTests/Pods-CountryPickerTests.debug.xcconfig"; sourceTree = "<group>"; };
		A9A29F7F2DEB81BC2FDF56AD /* Pods-CountryPickerTests.release.xcconfig */ = {isa = PBXFileReference; includeInIndex = 1; lastKnownFileType = text.xcconfig; name = "Pods-CountryPickerTests.release.xcconfig"; path = "Target Support Files/Pods-CountryPickerTests/Pods-CountryPickerTests.release.xcconfig"; sourceTree = "<group>"; };
		D498817D657CE77BF6B46A3D /* Pods_CountryPicker.framework */ = {isa = PBXFileReference; explicitFileType = wrapper.framework; includeInIndex = 0; path = Pods_CountryPicker.framework; sourceTree = BUILT_PRODUCTS_DIR; };
/* End PBXFileReference section */

/* Begin PBXFrameworksBuildPhase section */
		83BB8B592551E3890006C4F1 /* Frameworks */ = {
			isa = PBXFrameworksBuildPhase;
			buildActionMask = 2147483647;
			files = (
				033EFA6AA6E98847B0179431 /* Pods_CountryPicker.framework in Frameworks */,
			);
			runOnlyForDeploymentPostprocessing = 0;
		};
		83BB8B6F2551E38A0006C4F1 /* Frameworks */ = {
			isa = PBXFrameworksBuildPhase;
			buildActionMask = 2147483647;
			files = (
				14291F444BA54D402A94448B /* Pods_CountryPickerTests.framework in Frameworks */,
			);
			runOnlyForDeploymentPostprocessing = 0;
		};
		83BB8B7A2551E38A0006C4F1 /* Frameworks */ = {
			isa = PBXFrameworksBuildPhase;
			buildActionMask = 2147483647;
			files = (
				0B92D2314DC37C400223F8AB /* Pods_CountryPicker_CountryPickerUITests.framework in Frameworks */,
			);
			runOnlyForDeploymentPostprocessing = 0;
		};
/* End PBXFrameworksBuildPhase section */

/* Begin PBXGroup section */
		41F7034FD92B4B79B9878CCA /* Pods */ = {
			isa = PBXGroup;
			children = (
				77A52116A7632572887A5636 /* Pods-CountryPicker.debug.xcconfig */,
				7753DCBC2196BC006CEE1607 /* Pods-CountryPicker.release.xcconfig */,
				0F782922CE6E473999048142 /* Pods-CountryPicker-CountryPickerUITests.debug.xcconfig */,
				2FCAFC025090A0E2A253F5E3 /* Pods-CountryPicker-CountryPickerUITests.release.xcconfig */,
				9B88FA337EBA5D23DC0B3C56 /* Pods-CountryPickerTests.debug.xcconfig */,
				A9A29F7F2DEB81BC2FDF56AD /* Pods-CountryPickerTests.release.xcconfig */,
			);
			path = Pods;
			sourceTree = "<group>";
		};
		83220B032553645900CE5CB6 /* Wrappers */ = {
			isa = PBXGroup;
			children = (
				83220B09255364A100CE5CB6 /* Localizable.swift */,
			);
			path = Wrappers;
			sourceTree = "<group>";
		};
		83220B042553646600CE5CB6 /* TransparentNavigation */ = {
			isa = PBXGroup;
			children = (
				83220AF925535FB800CE5CB6 /* TransparentNavigationController.swift */,
			);
			path = TransparentNavigation;
			sourceTree = "<group>";
		};
		83220B052553647500CE5CB6 /* Colors */ = {
			isa = PBXGroup;
			children = (
				837C3A5A2553413100A268E4 /* Color.swift */,
			);
			path = Colors;
			sourceTree = "<group>";
		};
		837C3A5325533D9B00A268E4 /* UIKit */ = {
			isa = PBXGroup;
			children = (
				83971931255448EF002FC36C /* RoundedButton */,
				837C3A5425533DA600A268E4 /* ActionBar */,
			);
			path = UIKit;
			sourceTree = "<group>";
		};
		837C3A5425533DA600A268E4 /* ActionBar */ = {
			isa = PBXGroup;
			children = (
				837C3A5525533DC500A268E4 /* ActionBarView.swift */,
			);
			path = ActionBar;
			sourceTree = "<group>";
		};
		837C3A5F2553413600A268E4 /* Utilities */ = {
			isa = PBXGroup;
			children = (
				83220B032553645900CE5CB6 /* Wrappers */,
				83220B052553647500CE5CB6 /* Colors */,
				83220B042553646600CE5CB6 /* TransparentNavigation */,
			);
			path = Utilities;
			sourceTree = "<group>";
		};
		83971907255444B3002FC36C /* Picker */ = {
			isa = PBXGroup;
			children = (
				83971908255444D2002FC36C /* PickerPresenter.swift */,
				83971909255444D2002FC36C /* PickerWorker.swift */,
				8397190A255444D2002FC36C /* PickerRouter.swift */,
				8397190B255444D2002FC36C /* PickerModels.swift */,
				8397190C255444D2002FC36C /* PickerViewController.swift */,
				8397190D255444D2002FC36C /* PickerInteractor.swift */,
			);
			path = Picker;
			sourceTree = "<group>";
		};
		83971931255448EF002FC36C /* RoundedButton */ = {
			isa = PBXGroup;
			children = (
				839719322554491B002FC36C /* RoundedButton.swift */,
			);
			path = RoundedButton;
			sourceTree = "<group>";
		};
		83BB8B532551E3890006C4F1 = {
			isa = PBXGroup;
			children = (
				83BB8B5E2551E3890006C4F1 /* CountryPicker */,
				83BB8B752551E38A0006C4F1 /* CountryPickerTests */,
				83BB8B802551E38A0006C4F1 /* CountryPickerUITests */,
				83BB8B5D2551E3890006C4F1 /* Products */,
				41F7034FD92B4B79B9878CCA /* Pods */,
				B97674EFCEF56B49F854E5D2 /* Frameworks */,
			);
			sourceTree = "<group>";
		};
		83BB8B5D2551E3890006C4F1 /* Products */ = {
			isa = PBXGroup;
			children = (
				83BB8B5C2551E3890006C4F1 /* CountryPicker.app */,
				83BB8B722551E38A0006C4F1 /* CountryPickerTests.xctest */,
				83BB8B7D2551E38A0006C4F1 /* CountryPickerUITests.xctest */,
			);
			name = Products;
			sourceTree = "<group>";
		};
		83BB8B5E2551E3890006C4F1 /* CountryPicker */ = {
			isa = PBXGroup;
			children = (
				837C3A5325533D9B00A268E4 /* UIKit */,
				83BB8B972551E5220006C4F1 /* Scenes */,
				83BB8B932551E4290006C4F1 /* Resources */,
				83BB8B922551E3D50006C4F1 /* Shared */,
				837C3A5F2553413600A268E4 /* Utilities */,
			);
			path = CountryPicker;
			sourceTree = "<group>";
		};
		83BB8B752551E38A0006C4F1 /* CountryPickerTests */ = {
			isa = PBXGroup;
			children = (
				83BB8B762551E38A0006C4F1 /* CountryPickerTests.swift */,
				83BB8B782551E38A0006C4F1 /* Info.plist */,
			);
			path = CountryPickerTests;
			sourceTree = "<group>";
		};
		83BB8B802551E38A0006C4F1 /* CountryPickerUITests */ = {
			isa = PBXGroup;
			children = (
				83BB8B812551E38A0006C4F1 /* CountryPickerUITests.swift */,
				83BB8B832551E38A0006C4F1 /* Info.plist */,
			);
			path = CountryPickerUITests;
			sourceTree = "<group>";
		};
		83BB8B922551E3D50006C4F1 /* Shared */ = {
			isa = PBXGroup;
			children = (
				83BB8B5F2551E3890006C4F1 /* AppDelegate.swift */,
			);
			path = Shared;
			sourceTree = "<group>";
		};
		83BB8B932551E4290006C4F1 /* Resources */ = {
			isa = PBXGroup;
			children = (
				83BB8B652551E3890006C4F1 /* Main.storyboard */,
				83BB8B6A2551E38A0006C4F1 /* LaunchScreen.storyboard */,
				83BB8B682551E38A0006C4F1 /* Assets.xcassets */,
				83BB8B6D2551E38A0006C4F1 /* Info.plist */,
				83BB8BC62551E83D0006C4F1 /* Localizable.strings */,
			);
			path = Resources;
			sourceTree = "<group>";
		};
		83BB8B972551E5220006C4F1 /* Scenes */ = {
			isa = PBXGroup;
			children = (
				83BB8B982551E52C0006C4F1 /* Status */,
				83971907255444B3002FC36C /* Picker */,
			);
			path = Scenes;
			sourceTree = "<group>";
		};
		83BB8B982551E52C0006C4F1 /* Status */ = {
			isa = PBXGroup;
			children = (
				83BB8BB12551E7770006C4F1 /* StatusPresenter.swift */,
				83BB8BB22551E7770006C4F1 /* StatusWorker.swift */,
				83BB8BB32551E7770006C4F1 /* StatusRouter.swift */,
				83BB8BB42551E7770006C4F1 /* StatusModels.swift */,
				83BB8BB52551E7770006C4F1 /* StatusViewController.swift */,
				83BB8BB62551E7770006C4F1 /* StatusInteractor.swift */,
				83220AFE2553632E00CE5CB6 /* StatusView.swift */,
			);
			path = Status;
			sourceTree = "<group>";
		};
		B97674EFCEF56B49F854E5D2 /* Frameworks */ = {
			isa = PBXGroup;
			children = (
				D498817D657CE77BF6B46A3D /* Pods_CountryPicker.framework */,
				3D641E2B85A4A07375603446 /* Pods_CountryPicker_CountryPickerUITests.framework */,
				3D1AA340191A4777807A17FC /* Pods_CountryPickerTests.framework */,
			);
			name = Frameworks;
			sourceTree = "<group>";
		};
/* End PBXGroup section */

/* Begin PBXNativeTarget section */
		83BB8B5B2551E3890006C4F1 /* CountryPicker */ = {
			isa = PBXNativeTarget;
			buildConfigurationList = 83BB8B862551E38A0006C4F1 /* Build configuration list for PBXNativeTarget "CountryPicker" */;
			buildPhases = (
				B3405822574FEF97CF88EF5E /* [CP] Check Pods Manifest.lock */,
				83BB8B582551E3890006C4F1 /* Sources */,
				83BB8B592551E3890006C4F1 /* Frameworks */,
				83BB8B5A2551E3890006C4F1 /* Resources */,
				8354BBA32551ECC60032D2FC /* SwiftLint */,
			);
			buildRules = (
			);
			dependencies = (
			);
			name = CountryPicker;
			productName = CountryPicker;
			productReference = 83BB8B5C2551E3890006C4F1 /* CountryPicker.app */;
			productType = "com.apple.product-type.application";
		};
		83BB8B712551E38A0006C4F1 /* CountryPickerTests */ = {
			isa = PBXNativeTarget;
			buildConfigurationList = 83BB8B892551E38A0006C4F1 /* Build configuration list for PBXNativeTarget "CountryPickerTests" */;
			buildPhases = (
				3C3743D89203E0AA4BE1A6E9 /* [CP] Check Pods Manifest.lock */,
				83BB8B6E2551E38A0006C4F1 /* Sources */,
				83BB8B6F2551E38A0006C4F1 /* Frameworks */,
				83BB8B702551E38A0006C4F1 /* Resources */,
				6F9464709F66B8A7760D892E /* [CP] Embed Pods Frameworks */,
			);
			buildRules = (
			);
			dependencies = (
				83BB8B742551E38A0006C4F1 /* PBXTargetDependency */,
			);
			name = CountryPickerTests;
			productName = CountryPickerTests;
			productReference = 83BB8B722551E38A0006C4F1 /* CountryPickerTests.xctest */;
			productType = "com.apple.product-type.bundle.unit-test";
		};
		83BB8B7C2551E38A0006C4F1 /* CountryPickerUITests */ = {
			isa = PBXNativeTarget;
			buildConfigurationList = 83BB8B8C2551E38A0006C4F1 /* Build configuration list for PBXNativeTarget "CountryPickerUITests" */;
			buildPhases = (
				DA903A2E1EE548AC80BB4E9B /* [CP] Check Pods Manifest.lock */,
				83BB8B792551E38A0006C4F1 /* Sources */,
				83BB8B7A2551E38A0006C4F1 /* Frameworks */,
				83BB8B7B2551E38A0006C4F1 /* Resources */,
			);
			buildRules = (
			);
			dependencies = (
				83BB8B7F2551E38A0006C4F1 /* PBXTargetDependency */,
			);
			name = CountryPickerUITests;
			productName = CountryPickerUITests;
			productReference = 83BB8B7D2551E38A0006C4F1 /* CountryPickerUITests.xctest */;
			productType = "com.apple.product-type.bundle.ui-testing";
		};
/* End PBXNativeTarget section */

/* Begin PBXProject section */
		83BB8B542551E3890006C4F1 /* Project object */ = {
			isa = PBXProject;
			attributes = {
				LastSwiftUpdateCheck = 1200;
				LastUpgradeCheck = 1200;
				ORGANIZATIONNAME = RoundTable;
				TargetAttributes = {
					83BB8B5B2551E3890006C4F1 = {
						CreatedOnToolsVersion = 12.0;
					};
					83BB8B712551E38A0006C4F1 = {
						CreatedOnToolsVersion = 12.0;
						TestTargetID = 83BB8B5B2551E3890006C4F1;
					};
					83BB8B7C2551E38A0006C4F1 = {
						CreatedOnToolsVersion = 12.0;
						TestTargetID = 83BB8B5B2551E3890006C4F1;
					};
				};
			};
			buildConfigurationList = 83BB8B572551E3890006C4F1 /* Build configuration list for PBXProject "CountryPicker" */;
			compatibilityVersion = "Xcode 9.3";
			developmentRegion = en;
			hasScannedForEncodings = 0;
			knownRegions = (
				en,
				Base,
			);
			mainGroup = 83BB8B532551E3890006C4F1;
			productRefGroup = 83BB8B5D2551E3890006C4F1 /* Products */;
			projectDirPath = "";
			projectRoot = "";
			targets = (
				83BB8B5B2551E3890006C4F1 /* CountryPicker */,
				83BB8B712551E38A0006C4F1 /* CountryPickerTests */,
				83BB8B7C2551E38A0006C4F1 /* CountryPickerUITests */,
			);
		};
/* End PBXProject section */

/* Begin PBXResourcesBuildPhase section */
		83BB8B5A2551E3890006C4F1 /* Resources */ = {
			isa = PBXResourcesBuildPhase;
			buildActionMask = 2147483647;
			files = (
				83BB8B6C2551E38A0006C4F1 /* LaunchScreen.storyboard in Resources */,
				83BB8BC72551E83D0006C4F1 /* Localizable.strings in Resources */,
				83BB8B692551E38A0006C4F1 /* Assets.xcassets in Resources */,
				83BB8B672551E3890006C4F1 /* Main.storyboard in Resources */,
			);
			runOnlyForDeploymentPostprocessing = 0;
		};
		83BB8B702551E38A0006C4F1 /* Resources */ = {
			isa = PBXResourcesBuildPhase;
			buildActionMask = 2147483647;
			files = (
			);
			runOnlyForDeploymentPostprocessing = 0;
		};
		83BB8B7B2551E38A0006C4F1 /* Resources */ = {
			isa = PBXResourcesBuildPhase;
			buildActionMask = 2147483647;
			files = (
			);
			runOnlyForDeploymentPostprocessing = 0;
		};
/* End PBXResourcesBuildPhase section */

/* Begin PBXShellScriptBuildPhase section */
		3C3743D89203E0AA4BE1A6E9 /* [CP] Check Pods Manifest.lock */ = {
			isa = PBXShellScriptBuildPhase;
			buildActionMask = 2147483647;
			files = (
			);
			inputFileListPaths = (
			);
			inputPaths = (
				"${PODS_PODFILE_DIR_PATH}/Podfile.lock",
				"${PODS_ROOT}/Manifest.lock",
			);
			name = "[CP] Check Pods Manifest.lock";
			outputFileListPaths = (
			);
			outputPaths = (
				"$(DERIVED_FILE_DIR)/Pods-CountryPickerTests-checkManifestLockResult.txt",
			);
			runOnlyForDeploymentPostprocessing = 0;
			shellPath = /bin/sh;
			shellScript = "diff \"${PODS_PODFILE_DIR_PATH}/Podfile.lock\" \"${PODS_ROOT}/Manifest.lock\" > /dev/null\nif [ $? != 0 ] ; then\n    # print error to STDERR\n    echo \"error: The sandbox is not in sync with the Podfile.lock. Run 'pod install' or update your CocoaPods installation.\" >&2\n    exit 1\nfi\n# This output is used by Xcode 'outputs' to avoid re-running this script phase.\necho \"SUCCESS\" > \"${SCRIPT_OUTPUT_FILE_0}\"\n";
			showEnvVarsInLog = 0;
		};
		6F9464709F66B8A7760D892E /* [CP] Embed Pods Frameworks */ = {
			isa = PBXShellScriptBuildPhase;
			buildActionMask = 2147483647;
			files = (
			);
			inputFileListPaths = (
				"${PODS_ROOT}/Target Support Files/Pods-CountryPickerTests/Pods-CountryPickerTests-frameworks-${CONFIGURATION}-input-files.xcfilelist",
			);
			name = "[CP] Embed Pods Frameworks";
			outputFileListPaths = (
				"${PODS_ROOT}/Target Support Files/Pods-CountryPickerTests/Pods-CountryPickerTests-frameworks-${CONFIGURATION}-output-files.xcfilelist",
			);
			runOnlyForDeploymentPostprocessing = 0;
			shellPath = /bin/sh;
			shellScript = "\"${PODS_ROOT}/Target Support Files/Pods-CountryPickerTests/Pods-CountryPickerTests-frameworks.sh\"\n";
			showEnvVarsInLog = 0;
		};
		8354BBA32551ECC60032D2FC /* SwiftLint */ = {
			isa = PBXShellScriptBuildPhase;
			buildActionMask = 2147483647;
			files = (
			);
			inputFileListPaths = (
			);
			inputPaths = (
			);
			name = SwiftLint;
			outputFileListPaths = (
			);
			outputPaths = (
			);
			runOnlyForDeploymentPostprocessing = 0;
			shellPath = /bin/sh;
			shellScript = "\"${PODS_ROOT}/SwiftLint/swiftlint\"\n";
		};
		B3405822574FEF97CF88EF5E /* [CP] Check Pods Manifest.lock */ = {
			isa = PBXShellScriptBuildPhase;
			buildActionMask = 2147483647;
			files = (
			);
			inputFileListPaths = (
			);
			inputPaths = (
				"${PODS_PODFILE_DIR_PATH}/Podfile.lock",
				"${PODS_ROOT}/Manifest.lock",
			);
			name = "[CP] Check Pods Manifest.lock";
			outputFileListPaths = (
			);
			outputPaths = (
				"$(DERIVED_FILE_DIR)/Pods-CountryPicker-checkManifestLockResult.txt",
			);
			runOnlyForDeploymentPostprocessing = 0;
			shellPath = /bin/sh;
			shellScript = "diff \"${PODS_PODFILE_DIR_PATH}/Podfile.lock\" \"${PODS_ROOT}/Manifest.lock\" > /dev/null\nif [ $? != 0 ] ; then\n    # print error to STDERR\n    echo \"error: The sandbox is not in sync with the Podfile.lock. Run 'pod install' or update your CocoaPods installation.\" >&2\n    exit 1\nfi\n# This output is used by Xcode 'outputs' to avoid re-running this script phase.\necho \"SUCCESS\" > \"${SCRIPT_OUTPUT_FILE_0}\"\n";
			showEnvVarsInLog = 0;
		};
		DA903A2E1EE548AC80BB4E9B /* [CP] Check Pods Manifest.lock */ = {
			isa = PBXShellScriptBuildPhase;
			buildActionMask = 2147483647;
			files = (
			);
			inputFileListPaths = (
			);
			inputPaths = (
				"${PODS_PODFILE_DIR_PATH}/Podfile.lock",
				"${PODS_ROOT}/Manifest.lock",
			);
			name = "[CP] Check Pods Manifest.lock";
			outputFileListPaths = (
			);
			outputPaths = (
				"$(DERIVED_FILE_DIR)/Pods-CountryPicker-CountryPickerUITests-checkManifestLockResult.txt",
			);
			runOnlyForDeploymentPostprocessing = 0;
			shellPath = /bin/sh;
			shellScript = "diff \"${PODS_PODFILE_DIR_PATH}/Podfile.lock\" \"${PODS_ROOT}/Manifest.lock\" > /dev/null\nif [ $? != 0 ] ; then\n    # print error to STDERR\n    echo \"error: The sandbox is not in sync with the Podfile.lock. Run 'pod install' or update your CocoaPods installation.\" >&2\n    exit 1\nfi\n# This output is used by Xcode 'outputs' to avoid re-running this script phase.\necho \"SUCCESS\" > \"${SCRIPT_OUTPUT_FILE_0}\"\n";
			showEnvVarsInLog = 0;
		};
/* End PBXShellScriptBuildPhase section */

/* Begin PBXSourcesBuildPhase section */
		83BB8B582551E3890006C4F1 /* Sources */ = {
			isa = PBXSourcesBuildPhase;
			buildActionMask = 2147483647;
			files = (
				83BB8BBC2551E7770006C4F1 /* StatusInteractor.swift in Sources */,
				83BB8BBB2551E7770006C4F1 /* StatusViewController.swift in Sources */,
				83220AFF2553632E00CE5CB6 /* StatusView.swift in Sources */,
				839719332554491B002FC36C /* RoundedButton.swift in Sources */,
				83BB8B602551E3890006C4F1 /* AppDelegate.swift in Sources */,
				83BB8BBA2551E7770006C4F1 /* StatusModels.swift in Sources */,
				837C3A5625533DC500A268E4 /* ActionBarView.swift in Sources */,
				83BB8BB72551E7770006C4F1 /* StatusPresenter.swift in Sources */,
				83971910255444D2002FC36C /* PickerRouter.swift in Sources */,
				8397190F255444D2002FC36C /* PickerWorker.swift in Sources */,
				83BB8BB82551E7770006C4F1 /* StatusWorker.swift in Sources */,
				83BB8BB92551E7770006C4F1 /* StatusRouter.swift in Sources */,
				8397190E255444D2002FC36C /* PickerPresenter.swift in Sources */,
				83971913255444D2002FC36C /* PickerInteractor.swift in Sources */,
				83220AFA25535FB800CE5CB6 /* TransparentNavigationController.swift in Sources */,
				83220B0A255364A100CE5CB6 /* Localizable.swift in Sources */,
				837C3A5B2553413100A268E4 /* Color.swift in Sources */,
				83971911255444D2002FC36C /* PickerModels.swift in Sources */,
				83971912255444D2002FC36C /* PickerViewController.swift in Sources */,
			);
			runOnlyForDeploymentPostprocessing = 0;
		};
		83BB8B6E2551E38A0006C4F1 /* Sources */ = {
			isa = PBXSourcesBuildPhase;
			buildActionMask = 2147483647;
			files = (
				83BB8B772551E38A0006C4F1 /* CountryPickerTests.swift in Sources */,
			);
			runOnlyForDeploymentPostprocessing = 0;
		};
		83BB8B792551E38A0006C4F1 /* Sources */ = {
			isa = PBXSourcesBuildPhase;
			buildActionMask = 2147483647;
			files = (
				83BB8B822551E38A0006C4F1 /* CountryPickerUITests.swift in Sources */,
			);
			runOnlyForDeploymentPostprocessing = 0;
		};
/* End PBXSourcesBuildPhase section */

/* Begin PBXTargetDependency section */
		83BB8B742551E38A0006C4F1 /* PBXTargetDependency */ = {
			isa = PBXTargetDependency;
			target = 83BB8B5B2551E3890006C4F1 /* CountryPicker */;
			targetProxy = 83BB8B732551E38A0006C4F1 /* PBXContainerItemProxy */;
		};
		83BB8B7F2551E38A0006C4F1 /* PBXTargetDependency */ = {
			isa = PBXTargetDependency;
			target = 83BB8B5B2551E3890006C4F1 /* CountryPicker */;
			targetProxy = 83BB8B7E2551E38A0006C4F1 /* PBXContainerItemProxy */;
		};
/* End PBXTargetDependency section */

/* Begin PBXVariantGroup section */
		83BB8B652551E3890006C4F1 /* Main.storyboard */ = {
			isa = PBXVariantGroup;
			children = (
				83BB8B662551E3890006C4F1 /* Base */,
			);
			name = Main.storyboard;
			sourceTree = "<group>";
		};
		83BB8B6A2551E38A0006C4F1 /* LaunchScreen.storyboard */ = {
			isa = PBXVariantGroup;
			children = (
				83BB8B6B2551E38A0006C4F1 /* Base */,
			);
			name = LaunchScreen.storyboard;
			sourceTree = "<group>";
		};
/* End PBXVariantGroup section */

/* Begin XCBuildConfiguration section */
		83BB8B842551E38A0006C4F1 /* Debug */ = {
			isa = XCBuildConfiguration;
			buildSettings = {
				ALWAYS_SEARCH_USER_PATHS = NO;
				CLANG_ANALYZER_NONNULL = YES;
				CLANG_ANALYZER_NUMBER_OBJECT_CONVERSION = YES_AGGRESSIVE;
				CLANG_CXX_LANGUAGE_STANDARD = "gnu++14";
				CLANG_CXX_LIBRARY = "libc++";
				CLANG_ENABLE_MODULES = YES;
				CLANG_ENABLE_OBJC_ARC = YES;
				CLANG_ENABLE_OBJC_WEAK = YES;
				CLANG_WARN_BLOCK_CAPTURE_AUTORELEASING = YES;
				CLANG_WARN_BOOL_CONVERSION = YES;
				CLANG_WARN_COMMA = YES;
				CLANG_WARN_CONSTANT_CONVERSION = YES;
				CLANG_WARN_DEPRECATED_OBJC_IMPLEMENTATIONS = YES;
				CLANG_WARN_DIRECT_OBJC_ISA_USAGE = YES_ERROR;
				CLANG_WARN_DOCUMENTATION_COMMENTS = YES;
				CLANG_WARN_EMPTY_BODY = YES;
				CLANG_WARN_ENUM_CONVERSION = YES;
				CLANG_WARN_INFINITE_RECURSION = YES;
				CLANG_WARN_INT_CONVERSION = YES;
				CLANG_WARN_NON_LITERAL_NULL_CONVERSION = YES;
				CLANG_WARN_OBJC_IMPLICIT_RETAIN_SELF = YES;
				CLANG_WARN_OBJC_LITERAL_CONVERSION = YES;
				CLANG_WARN_OBJC_ROOT_CLASS = YES_ERROR;
				CLANG_WARN_QUOTED_INCLUDE_IN_FRAMEWORK_HEADER = YES;
				CLANG_WARN_RANGE_LOOP_ANALYSIS = YES;
				CLANG_WARN_STRICT_PROTOTYPES = YES;
				CLANG_WARN_SUSPICIOUS_MOVE = YES;
				CLANG_WARN_UNGUARDED_AVAILABILITY = YES_AGGRESSIVE;
				CLANG_WARN_UNREACHABLE_CODE = YES;
				CLANG_WARN__DUPLICATE_METHOD_MATCH = YES;
				COPY_PHASE_STRIP = NO;
				DEBUG_INFORMATION_FORMAT = dwarf;
				ENABLE_STRICT_OBJC_MSGSEND = YES;
				ENABLE_TESTABILITY = YES;
				GCC_C_LANGUAGE_STANDARD = gnu11;
				GCC_DYNAMIC_NO_PIC = NO;
				GCC_NO_COMMON_BLOCKS = YES;
				GCC_OPTIMIZATION_LEVEL = 0;
				GCC_PREPROCESSOR_DEFINITIONS = (
					"DEBUG=1",
					"$(inherited)",
				);
				GCC_WARN_64_TO_32_BIT_CONVERSION = YES;
				GCC_WARN_ABOUT_RETURN_TYPE = YES_ERROR;
				GCC_WARN_UNDECLARED_SELECTOR = YES;
				GCC_WARN_UNINITIALIZED_AUTOS = YES_AGGRESSIVE;
				GCC_WARN_UNUSED_FUNCTION = YES;
				GCC_WARN_UNUSED_VARIABLE = YES;
				IPHONEOS_DEPLOYMENT_TARGET = 11.0;
				MTL_ENABLE_DEBUG_INFO = INCLUDE_SOURCE;
				MTL_FAST_MATH = YES;
				ONLY_ACTIVE_ARCH = YES;
				SDKROOT = iphoneos;
				SWIFT_ACTIVE_COMPILATION_CONDITIONS = DEBUG;
				SWIFT_OPTIMIZATION_LEVEL = "-Onone";
			};
			name = Debug;
		};
		83BB8B852551E38A0006C4F1 /* Release */ = {
			isa = XCBuildConfiguration;
			buildSettings = {
				ALWAYS_SEARCH_USER_PATHS = NO;
				CLANG_ANALYZER_NONNULL = YES;
				CLANG_ANALYZER_NUMBER_OBJECT_CONVERSION = YES_AGGRESSIVE;
				CLANG_CXX_LANGUAGE_STANDARD = "gnu++14";
				CLANG_CXX_LIBRARY = "libc++";
				CLANG_ENABLE_MODULES = YES;
				CLANG_ENABLE_OBJC_ARC = YES;
				CLANG_ENABLE_OBJC_WEAK = YES;
				CLANG_WARN_BLOCK_CAPTURE_AUTORELEASING = YES;
				CLANG_WARN_BOOL_CONVERSION = YES;
				CLANG_WARN_COMMA = YES;
				CLANG_WARN_CONSTANT_CONVERSION = YES;
				CLANG_WARN_DEPRECATED_OBJC_IMPLEMENTATIONS = YES;
				CLANG_WARN_DIRECT_OBJC_ISA_USAGE = YES_ERROR;
				CLANG_WARN_DOCUMENTATION_COMMENTS = YES;
				CLANG_WARN_EMPTY_BODY = YES;
				CLANG_WARN_ENUM_CONVERSION = YES;
				CLANG_WARN_INFINITE_RECURSION = YES;
				CLANG_WARN_INT_CONVERSION = YES;
				CLANG_WARN_NON_LITERAL_NULL_CONVERSION = YES;
				CLANG_WARN_OBJC_IMPLICIT_RETAIN_SELF = YES;
				CLANG_WARN_OBJC_LITERAL_CONVERSION = YES;
				CLANG_WARN_OBJC_ROOT_CLASS = YES_ERROR;
				CLANG_WARN_QUOTED_INCLUDE_IN_FRAMEWORK_HEADER = YES;
				CLANG_WARN_RANGE_LOOP_ANALYSIS = YES;
				CLANG_WARN_STRICT_PROTOTYPES = YES;
				CLANG_WARN_SUSPICIOUS_MOVE = YES;
				CLANG_WARN_UNGUARDED_AVAILABILITY = YES_AGGRESSIVE;
				CLANG_WARN_UNREACHABLE_CODE = YES;
				CLANG_WARN__DUPLICATE_METHOD_MATCH = YES;
				COPY_PHASE_STRIP = NO;
				DEBUG_INFORMATION_FORMAT = "dwarf-with-dsym";
				ENABLE_NS_ASSERTIONS = NO;
				ENABLE_STRICT_OBJC_MSGSEND = YES;
				GCC_C_LANGUAGE_STANDARD = gnu11;
				GCC_NO_COMMON_BLOCKS = YES;
				GCC_WARN_64_TO_32_BIT_CONVERSION = YES;
				GCC_WARN_ABOUT_RETURN_TYPE = YES_ERROR;
				GCC_WARN_UNDECLARED_SELECTOR = YES;
				GCC_WARN_UNINITIALIZED_AUTOS = YES_AGGRESSIVE;
				GCC_WARN_UNUSED_FUNCTION = YES;
				GCC_WARN_UNUSED_VARIABLE = YES;
				IPHONEOS_DEPLOYMENT_TARGET = 11.0;
				MTL_ENABLE_DEBUG_INFO = NO;
				MTL_FAST_MATH = YES;
				SDKROOT = iphoneos;
				SWIFT_COMPILATION_MODE = wholemodule;
				SWIFT_OPTIMIZATION_LEVEL = "-O";
				VALIDATE_PRODUCT = YES;
			};
			name = Release;
		};
		83BB8B872551E38A0006C4F1 /* Debug */ = {
			isa = XCBuildConfiguration;
			baseConfigurationReference = 77A52116A7632572887A5636 /* Pods-CountryPicker.debug.xcconfig */;
			buildSettings = {
				ASSETCATALOG_COMPILER_APPICON_NAME = AppIcon;
				ASSETCATALOG_COMPILER_GLOBAL_ACCENT_COLOR_NAME = AccentColor;
				CODE_SIGN_STYLE = Automatic;
				INFOPLIST_FILE = CountryPicker/Resources/Info.plist;
				IPHONEOS_DEPLOYMENT_TARGET = 11.0;
				LD_RUNPATH_SEARCH_PATHS = (
					"$(inherited)",
					"@executable_path/Frameworks",
				);
				PRODUCT_BUNDLE_IDENTIFIER = com.pyarandi.CountryPicker;
				PRODUCT_NAME = "$(TARGET_NAME)";
				SWIFT_VERSION = 5.0;
				TARGETED_DEVICE_FAMILY = "1,2";
			};
			name = Debug;
		};
		83BB8B882551E38A0006C4F1 /* Release */ = {
			isa = XCBuildConfiguration;
			baseConfigurationReference = 7753DCBC2196BC006CEE1607 /* Pods-CountryPicker.release.xcconfig */;
			buildSettings = {
				ASSETCATALOG_COMPILER_APPICON_NAME = AppIcon;
				ASSETCATALOG_COMPILER_GLOBAL_ACCENT_COLOR_NAME = AccentColor;
				CODE_SIGN_STYLE = Automatic;
				INFOPLIST_FILE = CountryPicker/Resources/Info.plist;
				IPHONEOS_DEPLOYMENT_TARGET = 11.0;
				LD_RUNPATH_SEARCH_PATHS = (
					"$(inherited)",
					"@executable_path/Frameworks",
				);
				PRODUCT_BUNDLE_IDENTIFIER = com.pyarandi.CountryPicker;
				PRODUCT_NAME = "$(TARGET_NAME)";
				SWIFT_VERSION = 5.0;
				TARGETED_DEVICE_FAMILY = "1,2";
			};
			name = Release;
		};
		83BB8B8A2551E38A0006C4F1 /* Debug */ = {
			isa = XCBuildConfiguration;
			baseConfigurationReference = 9B88FA337EBA5D23DC0B3C56 /* Pods-CountryPickerTests.debug.xcconfig */;
			buildSettings = {
				ALWAYS_EMBED_SWIFT_STANDARD_LIBRARIES = "$(inherited)";
				BUNDLE_LOADER = "$(TEST_HOST)";
				CODE_SIGN_STYLE = Automatic;
				INFOPLIST_FILE = CountryPickerTests/Info.plist;
				IPHONEOS_DEPLOYMENT_TARGET = 14.0;
				LD_RUNPATH_SEARCH_PATHS = (
					"$(inherited)",
					"@executable_path/Frameworks",
					"@loader_path/Frameworks",
				);
				PRODUCT_BUNDLE_IDENTIFIER = com.pyarandi.CountryPickerTests;
				PRODUCT_NAME = "$(TARGET_NAME)";
				SWIFT_VERSION = 5.0;
				TARGETED_DEVICE_FAMILY = "1,2";
				TEST_HOST = "$(BUILT_PRODUCTS_DIR)/CountryPicker.app/CountryPicker";
			};
			name = Debug;
		};
		83BB8B8B2551E38A0006C4F1 /* Release */ = {
			isa = XCBuildConfiguration;
			baseConfigurationReference = A9A29F7F2DEB81BC2FDF56AD /* Pods-CountryPickerTests.release.xcconfig */;
			buildSettings = {
				ALWAYS_EMBED_SWIFT_STANDARD_LIBRARIES = "$(inherited)";
				BUNDLE_LOADER = "$(TEST_HOST)";
				CODE_SIGN_STYLE = Automatic;
				INFOPLIST_FILE = CountryPickerTests/Info.plist;
				IPHONEOS_DEPLOYMENT_TARGET = 14.0;
				LD_RUNPATH_SEARCH_PATHS = (
					"$(inherited)",
					"@executable_path/Frameworks",
					"@loader_path/Frameworks",
				);
				PRODUCT_BUNDLE_IDENTIFIER = com.pyarandi.CountryPickerTests;
				PRODUCT_NAME = "$(TARGET_NAME)";
				SWIFT_VERSION = 5.0;
				TARGETED_DEVICE_FAMILY = "1,2";
				TEST_HOST = "$(BUILT_PRODUCTS_DIR)/CountryPicker.app/CountryPicker";
			};
			name = Release;
		};
		83BB8B8D2551E38A0006C4F1 /* Debug */ = {
			isa = XCBuildConfiguration;
			baseConfigurationReference = 0F782922CE6E473999048142 /* Pods-CountryPicker-CountryPickerUITests.debug.xcconfig */;
			buildSettings = {
				ALWAYS_EMBED_SWIFT_STANDARD_LIBRARIES = YES;
				CODE_SIGN_STYLE = Automatic;
				INFOPLIST_FILE = CountryPickerUITests/Info.plist;
				LD_RUNPATH_SEARCH_PATHS = (
					"$(inherited)",
					"@executable_path/Frameworks",
					"@loader_path/Frameworks",
				);
				PRODUCT_BUNDLE_IDENTIFIER = com.pyarandi.CountryPickerUITests;
				PRODUCT_NAME = "$(TARGET_NAME)";
				SWIFT_VERSION = 5.0;
				TARGETED_DEVICE_FAMILY = "1,2";
				TEST_TARGET_NAME = CountryPicker;
			};
			name = Debug;
		};
		83BB8B8E2551E38A0006C4F1 /* Release */ = {
			isa = XCBuildConfiguration;
			baseConfigurationReference = 2FCAFC025090A0E2A253F5E3 /* Pods-CountryPicker-CountryPickerUITests.release.xcconfig */;
			buildSettings = {
				ALWAYS_EMBED_SWIFT_STANDARD_LIBRARIES = YES;
				CODE_SIGN_STYLE = Automatic;
				INFOPLIST_FILE = CountryPickerUITests/Info.plist;
				LD_RUNPATH_SEARCH_PATHS = (
					"$(inherited)",
					"@executable_path/Frameworks",
					"@loader_path/Frameworks",
				);
				PRODUCT_BUNDLE_IDENTIFIER = com.pyarandi.CountryPickerUITests;
				PRODUCT_NAME = "$(TARGET_NAME)";
				SWIFT_VERSION = 5.0;
				TARGETED_DEVICE_FAMILY = "1,2";
				TEST_TARGET_NAME = CountryPicker;
			};
			name = Release;
		};
/* End XCBuildConfiguration section */

/* Begin XCConfigurationList section */
		83BB8B572551E3890006C4F1 /* Build configuration list for PBXProject "CountryPicker" */ = {
			isa = XCConfigurationList;
			buildConfigurations = (
				83BB8B842551E38A0006C4F1 /* Debug */,
				83BB8B852551E38A0006C4F1 /* Release */,
			);
			defaultConfigurationIsVisible = 0;
			defaultConfigurationName = Release;
		};
		83BB8B862551E38A0006C4F1 /* Build configuration list for PBXNativeTarget "CountryPicker" */ = {
			isa = XCConfigurationList;
			buildConfigurations = (
				83BB8B872551E38A0006C4F1 /* Debug */,
				83BB8B882551E38A0006C4F1 /* Release */,
			);
			defaultConfigurationIsVisible = 0;
			defaultConfigurationName = Release;
		};
		83BB8B892551E38A0006C4F1 /* Build configuration list for PBXNativeTarget "CountryPickerTests" */ = {
			isa = XCConfigurationList;
			buildConfigurations = (
				83BB8B8A2551E38A0006C4F1 /* Debug */,
				83BB8B8B2551E38A0006C4F1 /* Release */,
			);
			defaultConfigurationIsVisible = 0;
			defaultConfigurationName = Release;
		};
		83BB8B8C2551E38A0006C4F1 /* Build configuration list for PBXNativeTarget "CountryPickerUITests" */ = {
			isa = XCConfigurationList;
			buildConfigurations = (
				83BB8B8D2551E38A0006C4F1 /* Debug */,
				83BB8B8E2551E38A0006C4F1 /* Release */,
			);
			defaultConfigurationIsVisible = 0;
			defaultConfigurationName = Release;
		};
/* End XCConfigurationList section */
	};
	rootObject = 83BB8B542551E3890006C4F1 /* Project object */;
}
